
Microsoft Visual Studio Solution File, Format Version 12.00
# Visual Studio Version 17
VisualStudioVersion = 17.1.32210.238
MinimumVisualStudioVersion = 10.0.40219.1
Project("{FAE04EC0-301F-11D3-BF4B-00C04F79EFBC}") = "RazorPagesSongs", "RazorPagesSongs\RazorPagesSongs.csproj", "{9B540C3D-614F-47FA-BFFD-D3521ACBF6E2}"
EndProject
Global
	GlobalSection(SolutionConfigurationPlatforms) = preSolution
		Debug|Any CPU = Debug|Any CPU
		Release|Any CPU = Release|Any CPU
	EndGlobalSection
	GlobalSection(ProjectConfigurationPlatforms) = postSolution
		{9B540C3D-614F-47FA-BFFD-D3521ACBF6E2}.Debug|Any CPU.ActiveCfg = Debug|Any CPU
		{9B540C3D-614F-47FA-BFFD-D3521ACBF6E2}.Debug|Any CPU.Build.0 = Debug|Any CPU
		{9B540C3D-614F-47FA-BFFD-D3521ACBF6E2}.Release|Any CPU.ActiveCfg = Release|Any CPU
		{9B540C3D-614F-47FA-BFFD-D3521ACBF6E2}.Release|Any CPU.Build.0 = Release|Any CPU
	EndGlobalSection
	GlobalSection(SolutionProperties) = preSolution
		HideSolutionNode = FALSE
	EndGlobalSection
	GlobalSection(ExtensibilityGlobals) = postSolution
		SolutionGuid = {CE0D358E-C0C7-4D52-9A57-222685FC9107}
	EndGlobalSection
EndGlobal
